# This file is automatically @generated by Cargo.
# It is not intended for manual editing.
version = 4

[[package]]
name = "apl-ast"
version = "0.1.0"
dependencies = [
 "apl-value",
]

[[package]]
name = "apl-eval"
version = "0.1.0"
dependencies = [
 "apl-ast",
 "apl-parse",
 "apl-prims",
 "apl-value",
]

[[package]]
name = "apl-lex"
version = "0.1.0"
dependencies = [
 "apl-value",
]

[[package]]
name = "apl-parse"
version = "0.1.0"
dependencies = [
 "apl-ast",
 "apl-lex",
 "apl-value",
]

[[package]]
name = "apl-prims"
version = "0.1.0"
dependencies = [
 "apl-prims-join",
 "apl-prims-mask",
 "apl-prims-mixed",
 "apl-prims-ops",
 "apl-prims-scalar",
 "apl-prims-search",
 "apl-prims-select",
 "apl-value",
]

[[package]]
name = "apl-prims-join"
version = "0.1.0"
dependencies = [
 "apl-value",
]

[[package]]
name = "apl-prims-mask"
version = "0.1.0"
dependencies = [
 "apl-prims-mixed",
 "apl-prims-select",
 "apl-value",
]

[[package]]
name = "apl-prims-mixed"
version = "0.1.0"
dependencies = [
 "apl-prims-scalar",
 "apl-value",
]

[[package]]
name = "apl-prims-ops"
version = "0.1.0"
dependencies = [
 "apl-prims-scalar",
 "apl-value",
]

[[package]]
name = "apl-prims-scalar"
version = "0.1.0"
dependencies = [
 "apl-scalar-arith",
 "apl-scalar-circ",
 "apl-scalar-logic",
 "apl-value",
]

[[package]]
name = "apl-prims-search"
version = "0.1.0"
dependencies = [
 "apl-value",
]

[[package]]
name = "apl-prims-select"
version = "0.1.0"
dependencies = [
 "apl-prims-join",
 "apl-prims-mixed",
 "apl-value",
]

[[package]]
name = "apl-scalar-arith"
version = "0.1.0"
dependencies = [
 "apl-value",
]

[[package]]
name = "apl-scalar-circ"
version = "0.1.0"
dependencies = [
 "apl-value",
]

[[package]]
name = "apl-scalar-logic"
version = "0.1.0"
dependencies = [
 "apl-value",
]

[[package]]
name = "apl-value"
version = "0.1.0"
