# This file is automatically @generated by Cargo.
# It is not intended for manual editing.
version = 4

[[package]]
name = "apl-lex"
version = "0.1.0"
dependencies = [
 "apl-value",
]

[[package]]
name = "apl-parse"
version = "0.1.0"
dependencies = [
 "apl-lex",
 "apl-value",
]

[[package]]
name = "apl-value"
version = "0.1.0"
